
Microsoft Visual Studio Solution File, Format Version 12.00
# Visual Studio Version 16
VisualStudioVersion = 16.0.30907.101
MinimumVisualStudioVersion = 10.0.40219.1
Project("{FAE04EC0-301F-11D3-BF4B-00C04F79EFBC}") = "Blood Donor Center Managment System", "Blood Donor Center Managment System\Blood Donor Center Managment System.csproj", "{1EC62B9E-424D-4496-858C-2C7C96B50E76}"
EndProject
Global
	GlobalSection(SolutionConfigurationPlatforms) = preSolution
		Debug|Any CPU = Debug|Any CPU
		Release|Any CPU = Release|Any CPU
	EndGlobalSection
	GlobalSection(ProjectConfigurationPlatforms) = postSolution
		{1EC62B9E-424D-4496-858C-2C7C96B50E76}.Debug|Any CPU.ActiveCfg = Debug|Any CPU
		{1EC62B9E-424D-4496-858C-2C7C96B50E76}.Debug|Any CPU.Build.0 = Debug|Any CPU
		{1EC62B9E-424D-4496-858C-2C7C96B50E76}.Release|Any CPU.ActiveCfg = Release|Any CPU
		{1EC62B9E-424D-4496-858C-2C7C96B50E76}.Release|Any CPU.Build.0 = Release|Any CPU
	EndGlobalSection
	GlobalSection(SolutionProperties) = preSolution
		HideSolutionNode = FALSE
	EndGlobalSection
	GlobalSection(ExtensibilityGlobals) = postSolution
		SolutionGuid = {956C520E-CBA8-4A9E-89A8-BF5602854CDC}
	EndGlobalSection
EndGlobal
